// !$*UTF8*$!
{
	archiveVersion = 1;
	classes = {
	};
	objectVersion = 50;
	objects = {

/* Begin PBXBuildFile section */
		2F63C76320E377F0009E7F62 /* AppDelegate.swift in Sources */ = {isa = PBXBuildFile; fileRef = 2F63C76220E377F0009E7F62 /* AppDelegate.swift */; };
		2F63C76520E377F0009E7F62 /* ViewController.swift in Sources */ = {isa = PBXBuildFile; fileRef = 2F63C76420E377F0009E7F62 /* ViewController.swift */; };
		2F63C76820E377F0009E7F62 /* Main.storyboard in Resources */ = {isa = PBXBuildFile; fileRef = 2F63C76620E377F0009E7F62 /* Main.storyboard */; };
		2F63C76A20E377F6009E7F62 /* Assets.xcassets in Resources */ = {isa = PBXBuildFile; fileRef = 2F63C76920E377F6009E7F62 /* Assets.xcassets */; };
		2F63C76D20E377F6009E7F62 /* LaunchScreen.storyboard in Resources */ = {isa = PBXBuildFile; fileRef = 2F63C76B20E377F6009E7F62 /* LaunchScreen.storyboard */; };
		2F63C77820E377F7009E7F62 /* DY_AppTests.swift in Sources */ = {isa = PBXBuildFile; fileRef = 2F63C77720E377F7009E7F62 /* DY_AppTests.swift */; };
		2F63C78320E377F7009E7F62 /* DY_AppUITests.swift in Sources */ = {isa = PBXBuildFile; fileRef = 2F63C78220E377F7009E7F62 /* DY_AppUITests.swift */; };
/* End PBXBuildFile section */

/* Begin PBXContainerItemProxy section */
		2F63C77420E377F7009E7F62 /* PBXContainerItemProxy */ = {
			isa = PBXContainerItemProxy;
			containerPortal = 2F63C75720E377F0009E7F62 /* Project object */;
			proxyType = 1;
			remoteGlobalIDString = 2F63C75E20E377F0009E7F62;
			remoteInfo = DY_App;
		};
		2F63C77F20E377F7009E7F62 /* PBXContainerItemProxy */ = {
			isa = PBXContainerItemProxy;
			containerPortal = 2F63C75720E377F0009E7F62 /* Project object */;
			proxyType = 1;
			remoteGlobalIDString = 2F63C75E20E377F0009E7F62;
			remoteInfo = DY_App;
		};
/* End PBXContainerItemProxy section */

/* Begin PBXFileReference section */
		2F63C75F20E377F0009E7F62 /* DY_App.app */ = {isa = PBXFileReference; explicitFileType = wrapper.application; includeInIndex = 0; path = DY_App.app; sourceTree = BUILT_PRODUCTS_DIR; };
		2F63C76220E377F0009E7F62 /* AppDelegate.swift */ = {isa = PBXFileReference; lastKnownFileType = sourcecode.swift; path = AppDelegate.swift; sourceTree = "<group>"; };
		2F63C76420E377F0009E7F62 /* ViewController.swift */ = {isa = PBXFileReference; lastKnownFileType = sourcecode.swift; path = ViewController.swift; sourceTree = "<group>"; };
		2F63C76720E377F0009E7F62 /* Base */ = {isa = PBXFileReference; lastKnownFileType = file.storyboard; name = Base; path = Base.lproj/Main.storyboard; sourceTree = "<group>"; };
		2F63C76920E377F6009E7F62 /* Assets.xcassets */ = {isa = PBXFileReference; lastKnownFileType = folder.assetcatalog; path = Assets.xcassets; sourceTree = "<group>"; };
		2F63C76C20E377F6009E7F62 /* Base */ = {isa = PBXFileReference; lastKnownFileType = file.storyboard; name = Base; path = Base.lproj/LaunchScreen.storyboard; sourceTree = "<group>"; };
		2F63C76E20E377F6009E7F62 /* Info.plist */ = {isa = PBXFileReference; lastKnownFileType = text.plist.xml; path = Info.plist; sourceTree = "<group>"; };
		2F63C77320E377F7009E7F62 /* DY_AppTests.xctest */ = {isa = PBXFileReference; explicitFileType = wrapper.cfbundle; includeInIndex = 0; path = DY_AppTests.xctest; sourceTree = BUILT_PRODUCTS_DIR; };
		2F63C77720E377F7009E7F62 /* DY_AppTests.swift */ = {isa = PBXFileReference; lastKnownFileType = sourcecode.swift; path = DY_AppTests.swift; sourceTree = "<group>"; };
		2F63C77920E377F7009E7F62 /* Info.plist */ = {isa = PBXFileReference; lastKnownFileType = text.plist.xml; path = Info.plist; sourceTree = "<group>"; };
		2F63C77E20E377F7009E7F62 /* DY_AppUITests.xctest */ = {isa = PBXFileReference; explicitFileType = wrapper.cfbundle; includeInIndex = 0; path = DY_AppUITests.xctest; sourceTree = BUILT_PRODUCTS_DIR; };
		2F63C78220E377F7009E7F62 /* DY_AppUITests.swift */ = {isa = PBXFileReference; lastKnownFileType = sourcecode.swift; path = DY_AppUITests.swift; sourceTree = "<group>"; };
		2F63C78420E377F7009E7F62 /* Info.plist */ = {isa = PBXFileReference; lastKnownFileType = text.plist.xml; path = Info.plist; sourceTree = "<group>"; };
/* End PBXFileReference section */

/* Begin PBXFrameworksBuildPhase section */
		2F63C75C20E377F0009E7F62 /* Frameworks */ = {
			isa = PBXFrameworksBuildPhase;
			buildActionMask = 2147483647;
			files = (
			);
			runOnlyForDeploymentPostprocessing = 0;
		};
		2F63C77020E377F7009E7F62 /* Frameworks */ = {
			isa = PBXFrameworksBuildPhase;
			buildActionMask = 2147483647;
			files = (
			);
			runOnlyForDeploymentPostprocessing = 0;
		};
		2F63C77B20E377F7009E7F62 /* Frameworks */ = {
			isa = PBXFrameworksBuildPhase;
			buildActionMask = 2147483647;
			files = (
			);
			runOnlyForDeploymentPostprocessing = 0;
		};
/* End PBXFrameworksBuildPhase section */

/* Begin PBXGroup section */
		2F63C75620E377F0009E7F62 = {
			isa = PBXGroup;
			children = (
				2F63C76120E377F0009E7F62 /* DY_App */,
				2F63C77620E377F7009E7F62 /* DY_AppTests */,
				2F63C78120E377F7009E7F62 /* DY_AppUITests */,
				2F63C76020E377F0009E7F62 /* Products */,
			);
			sourceTree = "<group>";
		};
		2F63C76020E377F0009E7F62 /* Products */ = {
			isa = PBXGroup;
			children = (
				2F63C75F20E377F0009E7F62 /* DY_App.app */,
				2F63C77320E377F7009E7F62 /* DY_AppTests.xctest */,
				2F63C77E20E377F7009E7F62 /* DY_AppUITests.xctest */,
			);
			name = Products;
			sourceTree = "<group>";
		};
		2F63C76120E377F0009E7F62 /* DY_App */ = {
			isa = PBXGroup;
			children = (
				2F63C76220E377F0009E7F62 /* AppDelegate.swift */,
				2F63C76420E377F0009E7F62 /* ViewController.swift */,
				2F63C76620E377F0009E7F62 /* Main.storyboard */,
				2F63C76920E377F6009E7F62 /* Assets.xcassets */,
				2F63C76B20E377F6009E7F62 /* LaunchScreen.storyboard */,
				2F63C76E20E377F6009E7F62 /* Info.plist */,
			);
			path = DY_App;
			sourceTree = "<group>";
		};
		2F63C77620E377F7009E7F62 /* DY_AppTests */ = {
			isa = PBXGroup;
			children = (
				2F63C77720E377F7009E7F62 /* DY_AppTests.swift */,
				2F63C77920E377F7009E7F62 /* Info.plist */,
			);
			path = DY_AppTests;
			sourceTree = "<group>";
		};
		2F63C78120E377F7009E7F62 /* DY_AppUITests */ = {
			isa = PBXGroup;
			children = (
				2F63C78220E377F7009E7F62 /* DY_AppUITests.swift */,
				2F63C78420E377F7009E7F62 /* Info.plist */,
			);
			path = DY_AppUITests;
			sourceTree = "<group>";
		};
/* End PBXGroup section */

/* Begin PBXNativeTarget section */
		2F63C75E20E377F0009E7F62 /* DY_App */ = {
			isa = PBXNativeTarget;
			buildConfigurationList = 2F63C78720E377F7009E7F62 /* Build configuration list for PBXNativeTarget "DY_App" */;
			buildPhases = (
				2F63C75B20E377F0009E7F62 /* Sources */,
				2F63C75C20E377F0009E7F62 /* Frameworks */,
				2F63C75D20E377F0009E7F62 /* Resources */,
			);
			buildRules = (
			);
			dependencies = (
			);
			name = DY_App;
			productName = DY_App;
			productReference = 2F63C75F20E377F0009E7F62 /* DY_App.app */;
			productType = "com.apple.product-type.application";
		};
		2F63C77220E377F7009E7F62 /* DY_AppTests */ = {
			isa = PBXNativeTarget;
			buildConfigurationList = 2F63C78A20E377F7009E7F62 /* Build configuration list for PBXNativeTarget "DY_AppTests" */;
			buildPhases = (
				2F63C76F20E377F7009E7F62 /* Sources */,
				2F63C77020E377F7009E7F62 /* Frameworks */,
				2F63C77120E377F7009E7F62 /* Resources */,
			);
			buildRules = (
			);
			dependencies = (
				2F63C77520E377F7009E7F62 /* PBXTargetDependency */,
			);
			name = DY_AppTests;
			productName = DY_AppTests;
			productReference = 2F63C77320E377F7009E7F62 /* DY_AppTests.xctest */;
			productType = "com.apple.product-type.bundle.unit-test";
		};
		2F63C77D20E377F7009E7F62 /* DY_AppUITests */ = {
			isa = PBXNativeTarget;
			buildConfigurationList = 2F63C78D20E377F7009E7F62 /* Build configuration list for PBXNativeTarget "DY_AppUITests" */;
			buildPhases = (
				2F63C77A20E377F7009E7F62 /* Sources */,
				2F63C77B20E377F7009E7F62 /* Frameworks */,
				2F63C77C20E377F7009E7F62 /* Resources */,
			);
			buildRules = (
			);
			dependencies = (
				2F63C78020E377F7009E7F62 /* PBXTargetDependency */,
			);
			name = DY_AppUITests;
			productName = DY_AppUITests;
			productReference = 2F63C77E20E377F7009E7F62 /* DY_AppUITests.xctest */;
			productType = "com.apple.product-type.bundle.ui-testing";
		};
/* End PBXNativeTarget section */

/* Begin PBXProject section */
		2F63C75720E377F0009E7F62 /* Project object */ = {
			isa = PBXProject;
			attributes = {
				LastSwiftUpdateCheck = 0940;
				LastUpgradeCheck = 0940;
				ORGANIZATIONNAME = skypine;
				TargetAttributes = {
					2F63C75E20E377F0009E7F62 = {
						CreatedOnToolsVersion = 9.4.1;
					};
					2F63C77220E377F7009E7F62 = {
						CreatedOnToolsVersion = 9.4.1;
						TestTargetID = 2F63C75E20E377F0009E7F62;
					};
					2F63C77D20E377F7009E7F62 = {
						CreatedOnToolsVersion = 9.4.1;
						TestTargetID = 2F63C75E20E377F0009E7F62;
					};
				};
			};
			buildConfigurationList = 2F63C75A20E377F0009E7F62 /* Build configuration list for PBXProject "DY_App" */;
			compatibilityVersion = "Xcode 9.3";
			developmentRegion = en;
			hasScannedForEncodings = 0;
			knownRegions = (
				en,
				Base,
			);
			mainGroup = 2F63C75620E377F0009E7F62;
			productRefGroup = 2F63C76020E377F0009E7F62 /* Products */;
			projectDirPath = "";
			projectRoot = "";
			targets = (
				2F63C75E20E377F0009E7F62 /* DY_App */,
				2F63C77220E377F7009E7F62 /* DY_AppTests */,
				2F63C77D20E377F7009E7F62 /* DY_AppUITests */,
			);
		};
/* End PBXProject section */

/* Begin PBXResourcesBuildPhase section */
		2F63C75D20E377F0009E7F62 /* Resources */ = {
			isa = PBXResourcesBuildPhase;
			buildActionMask = 2147483647;
			files = (
				2F63C76D20E377F6009E7F62 /* LaunchScreen.storyboard in Resources */,
				2F63C76A20E377F6009E7F62 /* Assets.xcassets in Resources */,
				2F63C76820E377F0009E7F62 /* Main.storyboard in Resources */,
			);
			runOnlyForDeploymentPostprocessing = 0;
		};
		2F63C77120E377F7009E7F62 /* Resources */ = {
			isa = PBXResourcesBuildPhase;
			buildActionMask = 2147483647;
			files = (
			);
			runOnlyForDeploymentPostprocessing = 0;
		};
		2F63C77C20E377F7009E7F62 /* Resources */ = {
			isa = PBXResourcesBuildPhase;
			buildActionMask = 2147483647;
			files = (
			);
			runOnlyForDeploymentPostprocessing = 0;
		};
/* End PBXResourcesBuildPhase section */

/* Begin PBXSourcesBuildPhase section */
		2F63C75B20E377F0009E7F62 /* Sources */ = {
			isa = PBXSourcesBuildPhase;
			buildActionMask = 2147483647;
			files = (
				2F63C76520E377F0009E7F62 /* ViewController.swift in Sources */,
				2F63C76320E377F0009E7F62 /* AppDelegate.swift in Sources */,
			);
			runOnlyForDeploymentPostprocessing = 0;
		};
		2F63C76F20E377F7009E7F62 /* Sources */ = {
			isa = PBXSourcesBuildPhase;
			buildActionMask = 2147483647;
			files = (
				2F63C77820E377F7009E7F62 /* DY_AppTests.swift in Sources */,
			);
			runOnlyForDeploymentPostprocessing = 0;
		};
		2F63C77A20E377F7009E7F62 /* Sources */ = {
			isa = PBXSourcesBuildPhase;
			buildActionMask = 2147483647;
			files = (
				2F63C78320E377F7009E7F62 /* DY_AppUITests.swift in Sources */,
			);
			runOnlyForDeploymentPostprocessing = 0;
		};
/* End PBXSourcesBuildPhase section */

/* Begin PBXTargetDependency section */
		2F63C77520E377F7009E7F62 /* PBXTargetDependency */ = {
			isa = PBXTargetDependency;
			target = 2F63C75E20E377F0009E7F62 /* DY_App */;
			targetProxy = 2F63C77420E377F7009E7F62 /* PBXContainerItemProxy */;
		};
		2F63C78020E377F7009E7F62 /* PBXTargetDependency */ = {
			isa = PBXTargetDependency;
			target = 2F63C75E20E377F0009E7F62 /* DY_App */;
			targetProxy = 2F63C77F20E377F7009E7F62 /* PBXContainerItemProxy */;
		};
/* End PBXTargetDependency section */

/* Begin PBXVariantGroup section */
		2F63C76620E377F0009E7F62 /* Main.storyboard */ = {
			isa = PBXVariantGroup;
			children = (
				2F63C76720E377F0009E7F62 /* Base */,
			);
			name = Main.storyboard;
			sourceTree = "<group>";
		};
		2F63C76B20E377F6009E7F62 /* LaunchScreen.storyboard */ = {
			isa = PBXVariantGroup;
			children = (
				2F63C76C20E377F6009E7F62 /* Base */,
			);
			name = LaunchScreen.storyboard;
			sourceTree = "<group>";
		};
/* End PBXVariantGroup section */

/* Begin XCBuildConfiguration section */
		2F63C78520E377F7009E7F62 /* Debug */ = {
			isa = XCBuildConfiguration;
			buildSettings = {
				ALWAYS_SEARCH_USER_PATHS = NO;
				CLANG_ANALYZER_NONNULL = YES;
				CLANG_ANALYZER_NUMBER_OBJECT_CONVERSION = YES_AGGRESSIVE;
				CLANG_CXX_LANGUAGE_STANDARD = "gnu++14";
				CLANG_CXX_LIBRARY = "libc++";
				CLANG_ENABLE_MODULES = YES;
				CLANG_ENABLE_OBJC_ARC = YES;
				CLANG_ENABLE_OBJC_WEAK = YES;
				CLANG_WARN_BLOCK_CAPTURE_AUTORELEASING = YES;
				CLANG_WARN_BOOL_CONVERSION = YES;
				CLANG_WARN_COMMA = YES;
				CLANG_WARN_CONSTANT_CONVERSION = YES;
				CLANG_WARN_DEPRECATED_OBJC_IMPLEMENTATIONS = YES;
				CLANG_WARN_DIRECT_OBJC_ISA_USAGE = YES_ERROR;
				CLANG_WARN_DOCUMENTATION_COMMENTS = YES;
				CLANG_WARN_EMPTY_BODY = YES;
				CLANG_WARN_ENUM_CONVERSION = YES;
				CLANG_WARN_INFINITE_RECURSION = YES;
				CLANG_WARN_INT_CONVERSION = YES;
				CLANG_WARN_NON_LITERAL_NULL_CONVERSION = YES;
				CLANG_WARN_OBJC_IMPLICIT_RETAIN_SELF = YES;
				CLANG_WARN_OBJC_LITERAL_CONVERSION = YES;
				CLANG_WARN_OBJC_ROOT_CLASS = YES_ERROR;
				CLANG_WARN_RANGE_LOOP_ANALYSIS = YES;
				CLANG_WARN_STRICT_PROTOTYPES = YES;
				CLANG_WARN_SUSPICIOUS_MOVE = YES;
				CLANG_WARN_UNGUARDED_AVAILABILITY = YES_AGGRESSIVE;
				CLANG_WARN_UNREACHABLE_CODE = YES;
				CLANG_WARN__DUPLICATE_METHOD_MATCH = YES;
				CODE_SIGN_IDENTITY = "iPhone Developer";
				COPY_PHASE_STRIP = NO;
				DEBUG_INFORMATION_FORMAT = dwarf;
				ENABLE_STRICT_OBJC_MSGSEND = YES;
				ENABLE_TESTABILITY = YES;
				GCC_C_LANGUAGE_STANDARD = gnu11;
				GCC_DYNAMIC_NO_PIC = NO;
				GCC_NO_COMMON_BLOCKS = YES;
				GCC_OPTIMIZATION_LEVEL = 0;
				GCC_PREPROCESSOR_DEFINITIONS = (
					"DEBUG=1",
					"$(inherited)",
				);
				GCC_WARN_64_TO_32_BIT_CONVERSION = YES;
				GCC_WARN_ABOUT_RETURN_TYPE = YES_ERROR;
				GCC_WARN_UNDECLARED_SELECTOR = YES;
				GCC_WARN_UNINITIALIZED_AUTOS = YES_AGGRESSIVE;
				GCC_WARN_UNUSED_FUNCTION = YES;
				GCC_WARN_UNUSED_VARIABLE = YES;
				IPHONEOS_DEPLOYMENT_TARGET = 11.4;
				MTL_ENABLE_DEBUG_INFO = YES;
				ONLY_ACTIVE_ARCH = YES;
				SDKROOT = iphoneos;
				SWIFT_ACTIVE_COMPILATION_CONDITIONS = DEBUG;
				SWIFT_OPTIMIZATION_LEVEL = "-Onone";
			};
			name = Debug;
		};
		2F63C78620E377F7009E7F62 /* Release */ = {
			isa = XCBuildConfiguration;
			buildSettings = {
				ALWAYS_SEARCH_USER_PATHS = NO;
				CLANG_ANALYZER_NONNULL = YES;
				CLANG_ANALYZER_NUMBER_OBJECT_CONVERSION = YES_AGGRESSIVE;
				CLANG_CXX_LANGUAGE_STANDARD = "gnu++14";
				CLANG_CXX_LIBRARY = "libc++";
				CLANG_ENABLE_MODULES = YES;
				CLANG_ENABLE_OBJC_ARC = YES;
				CLANG_ENABLE_OBJC_WEAK = YES;
				CLANG_WARN_BLOCK_CAPTURE_AUTORELEASING = YES;
				CLANG_WARN_BOOL_CONVERSION = YES;
				CLANG_WARN_COMMA = YES;
				CLANG_WARN_CONSTANT_CONVERSION = YES;
				CLANG_WARN_DEPRECATED_OBJC_IMPLEMENTATIONS = YES;
				CLANG_WARN_DIRECT_OBJC_ISA_USAGE = YES_ERROR;
				CLANG_WARN_DOCUMENTATION_COMMENTS = YES;
				CLANG_WARN_EMPTY_BODY = YES;
				CLANG_WARN_ENUM_CONVERSION = YES;
				CLANG_WARN_INFINITE_RECURSION = YES;
				CLANG_WARN_INT_CONVERSION = YES;
				CLANG_WARN_NON_LITERAL_NULL_CONVERSION = YES;
				CLANG_WARN_OBJC_IMPLICIT_RETAIN_SELF = YES;
				CLANG_WARN_OBJC_LITERAL_CONVERSION = YES;
				CLANG_WARN_OBJC_ROOT_CLASS = YES_ERROR;
				CLANG_WARN_RANGE_LOOP_ANALYSIS = YES;
				CLANG_WARN_STRICT_PROTOTYPES = YES;
				CLANG_WARN_SUSPICIOUS_MOVE = YES;
				CLANG_WARN_UNGUARDED_AVAILABILITY = YES_AGGRESSIVE;
				CLANG_WARN_UNREACHABLE_CODE = YES;
				CLANG_WARN__DUPLICATE_METHOD_MATCH = YES;
				CODE_SIGN_IDENTITY = "iPhone Developer";
				COPY_PHASE_STRIP = NO;
				DEBUG_INFORMATION_FORMAT = "dwarf-with-dsym";
				ENABLE_NS_ASSERTIONS = NO;
				ENABLE_STRICT_OBJC_MSGSEND = YES;
				GCC_C_LANGUAGE_STANDARD = gnu11;
				GCC_NO_COMMON_BLOCKS = YES;
				GCC_WARN_64_TO_32_BIT_CONVERSION = YES;
				GCC_WARN_ABOUT_RETURN_TYPE = YES_ERROR;
				GCC_WARN_UNDECLARED_SELECTOR = YES;
				GCC_WARN_UNINITIALIZED_AUTOS = YES_AGGRESSIVE;
				GCC_WARN_UNUSED_FUNCTION = YES;
				GCC_WARN_UNUSED_VARIABLE = YES;
				IPHONEOS_DEPLOYMENT_TARGET = 11.4;
				MTL_ENABLE_DEBUG_INFO = NO;
				SDKROOT = iphoneos;
				SWIFT_COMPILATION_MODE = wholemodule;
				SWIFT_OPTIMIZATION_LEVEL = "-O";
				VALIDATE_PRODUCT = YES;
			};
			name = Release;
		};
		2F63C78820E377F7009E7F62 /* Debug */ = {
			isa = XCBuildConfiguration;
			buildSettings = {
				ASSETCATALOG_COMPILER_APPICON_NAME = AppIcon;
				CODE_SIGN_STYLE = Automatic;
				DEVELOPMENT_TEAM = A6NR9T8VCE;
				INFOPLIST_FILE = DY_App/Info.plist;
				LD_RUNPATH_SEARCH_PATHS = (
					"$(inherited)",
					"@executable_path/Frameworks",
				);
				PRODUCT_BUNDLE_IDENTIFIER = "com.skypine.DY-App";
				PRODUCT_NAME = "$(TARGET_NAME)";
				SWIFT_VERSION = 4.0;
				TARGETED_DEVICE_FAMILY = "1,2";
			};
			name = Debug;
		};
		2F63C78920E377F7009E7F62 /* Release */ = {
			isa = XCBuildConfiguration;
			buildSettings = {
				ASSETCATALOG_COMPILER_APPICON_NAME = AppIcon;
				CODE_SIGN_STYLE = Automatic;
				DEVELOPMENT_TEAM = A6NR9T8VCE;
				INFOPLIST_FILE = DY_App/Info.plist;
				LD_RUNPATH_SEARCH_PATHS = (
					"$(inherited)",
					"@executable_path/Frameworks",
				);
				PRODUCT_BUNDLE_IDENTIFIER = "com.skypine.DY-App";
				PRODUCT_NAME = "$(TARGET_NAME)";
				SWIFT_VERSION = 4.0;
				TARGETED_DEVICE_FAMILY = "1,2";
			};
			name = Release;
		};
		2F63C78B20E377F7009E7F62 /* Debug */ = {
			isa = XCBuildConfiguration;
			buildSettings = {
				ALWAYS_EMBED_SWIFT_STANDARD_LIBRARIES = YES;
				BUNDLE_LOADER = "$(TEST_HOST)";
				CODE_SIGN_STYLE = Automatic;
				DEVELOPMENT_TEAM = A6NR9T8VCE;
				INFOPLIST_FILE = DY_AppTests/Info.plist;
				LD_RUNPATH_SEARCH_PATHS = (
					"$(inherited)",
					"@executable_path/Frameworks",
					"@loader_path/Frameworks",
				);
				PRODUCT_BUNDLE_IDENTIFIER = "com.skypine.DY-AppTests";
				PRODUCT_NAME = "$(TARGET_NAME)";
				SWIFT_VERSION = 4.0;
				TARGETED_DEVICE_FAMILY = "1,2";
				TEST_HOST = "$(BUILT_PRODUCTS_DIR)/DY_App.app/DY_App";
			};
			name = Debug;
		};
		2F63C78C20E377F7009E7F62 /* Release */ = {
			isa = XCBuildConfiguration;
			buildSettings = {
				ALWAYS_EMBED_SWIFT_STANDARD_LIBRARIES = YES;
				BUNDLE_LOADER = "$(TEST_HOST)";
				CODE_SIGN_STYLE = Automatic;
				DEVELOPMENT_TEAM = A6NR9T8VCE;
				INFOPLIST_FILE = DY_AppTests/Info.plist;
				LD_RUNPATH_SEARCH_PATHS = (
					"$(inherited)",
					"@executable_path/Frameworks",
					"@loader_path/Frameworks",
				);
				PRODUCT_BUNDLE_IDENTIFIER = "com.skypine.DY-AppTests";
				PRODUCT_NAME = "$(TARGET_NAME)";
				SWIFT_VERSION = 4.0;
				TARGETED_DEVICE_FAMILY = "1,2";
				TEST_HOST = "$(BUILT_PRODUCTS_DIR)/DY_App.app/DY_App";
			};
			name = Release;
		};
		2F63C78E20E377F7009E7F62 /* Debug */ = {
			isa = XCBuildConfiguration;
			buildSettings = {
				ALWAYS_EMBED_SWIFT_STANDARD_LIBRARIES = YES;
				CODE_SIGN_STYLE = Automatic;
				DEVELOPMENT_TEAM = A6NR9T8VCE;
				INFOPLIST_FILE = DY_AppUITests/Info.plist;
				LD_RUNPATH_SEARCH_PATHS = (
					"$(inherited)",
					"@executable_path/Frameworks",
					"@loader_path/Frameworks",
				);
				PRODUCT_BUNDLE_IDENTIFIER = "com.skypine.DY-AppUITests";
				PRODUCT_NAME = "$(TARGET_NAME)";
				SWIFT_VERSION = 4.0;
				TARGETED_DEVICE_FAMILY = "1,2";
				TEST_TARGET_NAME = DY_App;
			};
			name = Debug;
		};
		2F63C78F20E377F7009E7F62 /* Release */ = {
			isa = XCBuildConfiguration;
			buildSettings = {
				ALWAYS_EMBED_SWIFT_STANDARD_LIBRARIES = YES;
				CODE_SIGN_STYLE = Automatic;
				DEVELOPMENT_TEAM = A6NR9T8VCE;
				INFOPLIST_FILE = DY_AppUITests/Info.plist;
				LD_RUNPATH_SEARCH_PATHS = (
					"$(inherited)",
					"@executable_path/Frameworks",
					"@loader_path/Frameworks",
				);
				PRODUCT_BUNDLE_IDENTIFIER = "com.skypine.DY-AppUITests";
				PRODUCT_NAME = "$(TARGET_NAME)";
				SWIFT_VERSION = 4.0;
				TARGETED_DEVICE_FAMILY = "1,2";
				TEST_TARGET_NAME = DY_App;
			};
			name = Release;
		};
/* End XCBuildConfiguration section */

/* Begin XCConfigurationList section */
		2F63C75A20E377F0009E7F62 /* Build configuration list for PBXProject "DY_App" */ = {
			isa = XCConfigurationList;
			buildConfigurations = (
				2F63C78520E377F7009E7F62 /* Debug */,
				2F63C78620E377F7009E7F62 /* Release */,
			);
			defaultConfigurationIsVisible = 0;
			defaultConfigurationName = Release;
		};
		2F63C78720E377F7009E7F62 /* Build configuration list for PBXNativeTarget "DY_App" */ = {
			isa = XCConfigurationList;
			buildConfigurations = (
				2F63C78820E377F7009E7F62 /* Debug */,
				2F63C78920E377F7009E7F62 /* Release */,
			);
			defaultConfigurationIsVisible = 0;
			defaultConfigurationName = Release;
		};
		2F63C78A20E377F7009E7F62 /* Build configuration list for PBXNativeTarget "DY_AppTests" */ = {
			isa = XCConfigurationList;
			buildConfigurations = (
				2F63C78B20E377F7009E7F62 /* Debug */,
				2F63C78C20E377F7009E7F62 /* Release */,
			);
			defaultConfigurationIsVisible = 0;
			defaultConfigurationName = Release;
		};
		2F63C78D20E377F7009E7F62 /* Build configuration list for PBXNativeTarget "DY_AppUITests" */ = {
			isa = XCConfigurationList;
			buildConfigurations = (
				2F63C78E20E377F7009E7F62 /* Debug */,
				2F63C78F20E377F7009E7F62 /* Release */,
			);
			defaultConfigurationIsVisible = 0;
			defaultConfigurationName = Release;
		};
/* End XCConfigurationList section */
	};
	rootObject = 2F63C75720E377F0009E7F62 /* Project object */;
}
